
Microsoft Visual Studio Solution File, Format Version 12.00
# Visual Studio Version 17
VisualStudioVersion = 17.0.31903.59
MinimumVisualStudioVersion = 10.0.40219.1
Project("{2150E333-8FDC-42A3-9474-1A3956D46DE8}") = "src", "src", "{827E0CD3-B72D-47B6-A68D-7590B98EB39B}"
EndProject
Project("{FAE04EC0-301F-11D3-BF4B-00C04F79EFBC}") = "Todo.Application", "src\Todo.Application\Todo.Application.csproj", "{1AA84349-DD9B-4A0E-AD26-F2E6D29EBED1}"
EndProject
Project("{FAE04EC0-301F-11D3-BF4B-00C04F79EFBC}") = "Todo.Domain", "src\Todo.Domain\Todo.Domain.csproj", "{885BAD7D-5D63-438C-B763-2C43D9602524}"
EndProject
Project("{FAE04EC0-301F-11D3-BF4B-00C04F79EFBC}") = "Todo.Infrastructure", "src\Todo.Infrastructure\Todo.Infrastructure.csproj", "{68A68004-D954-4BF1-82ED-7E4BC8DA7CD3}"
EndProject
Project("{FAE04EC0-301F-11D3-BF4B-00C04F79EFBC}") = "Todo.Persistence", "src\Todo.Persistence\Todo.Persistence.csproj", "{B7367F8B-EC9F-4A28-92C9-2F99DC1AF6CB}"
EndProject
Project("{FAE04EC0-301F-11D3-BF4B-00C04F79EFBC}") = "Todo.Presentation", "src\Todo.Presentation\Todo.Presentation.csproj", "{830768E8-CF9A-4F15-A6C3-4EF6079EF03A}"
EndProject
Project("{FAE04EC0-301F-11D3-BF4B-00C04F79EFBC}") = "Todo.WebApi", "src\Todo.WebApi\Todo.WebApi.csproj", "{BBA3B7DD-AA5F-4A2B-A57F-9713A59DA3AF}"
EndProject
Project("{2150E333-8FDC-42A3-9474-1A3956D46DE8}") = "tests", "tests", "{0AB3BF05-4346-4AA6-1389-037BE0695223}"
EndProject
Project("{FAE04EC0-301F-11D3-BF4B-00C04F79EFBC}") = "Todo.Domain.xUnitTests", "tests\Todo.Domain.xUnitTests\Todo.Domain.xUnitTests.csproj", "{E1EC1518-86E5-408A-A4CD-6ABB92AF3673}"
EndProject
Global
	GlobalSection(SolutionConfigurationPlatforms) = preSolution
		Debug|Any CPU = Debug|Any CPU
		Debug|x64 = Debug|x64
		Debug|x86 = Debug|x86
		Release|Any CPU = Release|Any CPU
		Release|x64 = Release|x64
		Release|x86 = Release|x86
	EndGlobalSection
	GlobalSection(ProjectConfigurationPlatforms) = postSolution
		{1AA84349-DD9B-4A0E-AD26-F2E6D29EBED1}.Debug|Any CPU.ActiveCfg = Debug|Any CPU
		{1AA84349-DD9B-4A0E-AD26-F2E6D29EBED1}.Debug|Any CPU.Build.0 = Debug|Any CPU
		{1AA84349-DD9B-4A0E-AD26-F2E6D29EBED1}.Debug|x64.ActiveCfg = Debug|Any CPU
		{1AA84349-DD9B-4A0E-AD26-F2E6D29EBED1}.Debug|x64.Build.0 = Debug|Any CPU
		{1AA84349-DD9B-4A0E-AD26-F2E6D29EBED1}.Debug|x86.ActiveCfg = Debug|Any CPU
		{1AA84349-DD9B-4A0E-AD26-F2E6D29EBED1}.Debug|x86.Build.0 = Debug|Any CPU
		{1AA84349-DD9B-4A0E-AD26-F2E6D29EBED1}.Release|Any CPU.ActiveCfg = Release|Any CPU
		{1AA84349-DD9B-4A0E-AD26-F2E6D29EBED1}.Release|Any CPU.Build.0 = Release|Any CPU
		{1AA84349-DD9B-4A0E-AD26-F2E6D29EBED1}.Release|x64.ActiveCfg = Release|Any CPU
		{1AA84349-DD9B-4A0E-AD26-F2E6D29EBED1}.Release|x64.Build.0 = Release|Any CPU
		{1AA84349-DD9B-4A0E-AD26-F2E6D29EBED1}.Release|x86.ActiveCfg = Release|Any CPU
		{1AA84349-DD9B-4A0E-AD26-F2E6D29EBED1}.Release|x86.Build.0 = Release|Any CPU
		{885BAD7D-5D63-438C-B763-2C43D9602524}.Debug|Any CPU.ActiveCfg = Debug|Any CPU
		{885BAD7D-5D63-438C-B763-2C43D9602524}.Debug|Any CPU.Build.0 = Debug|Any CPU
		{885BAD7D-5D63-438C-B763-2C43D9602524}.Debug|x64.ActiveCfg = Debug|Any CPU
		{885BAD7D-5D63-438C-B763-2C43D9602524}.Debug|x64.Build.0 = Debug|Any CPU
		{885BAD7D-5D63-438C-B763-2C43D9602524}.Debug|x86.ActiveCfg = Debug|Any CPU
		{885BAD7D-5D63-438C-B763-2C43D9602524}.Debug|x86.Build.0 = Debug|Any CPU
		{885BAD7D-5D63-438C-B763-2C43D9602524}.Release|Any CPU.ActiveCfg = Release|Any CPU
		{885BAD7D-5D63-438C-B763-2C43D9602524}.Release|Any CPU.Build.0 = Release|Any CPU
		{885BAD7D-5D63-438C-B763-2C43D9602524}.Release|x64.ActiveCfg = Release|Any CPU
		{885BAD7D-5D63-438C-B763-2C43D9602524}.Release|x64.Build.0 = Release|Any CPU
		{885BAD7D-5D63-438C-B763-2C43D9602524}.Release|x86.ActiveCfg = Release|Any CPU
		{885BAD7D-5D63-438C-B763-2C43D9602524}.Release|x86.Build.0 = Release|Any CPU
		{68A68004-D954-4BF1-82ED-7E4BC8DA7CD3}.Debug|Any CPU.ActiveCfg = Debug|Any CPU
		{68A68004-D954-4BF1-82ED-7E4BC8DA7CD3}.Debug|Any CPU.Build.0 = Debug|Any CPU
		{68A68004-D954-4BF1-82ED-7E4BC8DA7CD3}.Debug|x64.ActiveCfg = Debug|Any CPU
		{68A68004-D954-4BF1-82ED-7E4BC8DA7CD3}.Debug|x64.Build.0 = Debug|Any CPU
		{68A68004-D954-4BF1-82ED-7E4BC8DA7CD3}.Debug|x86.ActiveCfg = Debug|Any CPU
		{68A68004-D954-4BF1-82ED-7E4BC8DA7CD3}.Debug|x86.Build.0 = Debug|Any CPU
		{68A68004-D954-4BF1-82ED-7E4BC8DA7CD3}.Release|Any CPU.ActiveCfg = Release|Any CPU
		{68A68004-D954-4BF1-82ED-7E4BC8DA7CD3}.Release|Any CPU.Build.0 = Release|Any CPU
		{68A68004-D954-4BF1-82ED-7E4BC8DA7CD3}.Release|x64.ActiveCfg = Release|Any CPU
		{68A68004-D954-4BF1-82ED-7E4BC8DA7CD3}.Release|x64.Build.0 = Release|Any CPU
		{68A68004-D954-4BF1-82ED-7E4BC8DA7CD3}.Release|x86.ActiveCfg = Release|Any CPU
		{68A68004-D954-4BF1-82ED-7E4BC8DA7CD3}.Release|x86.Build.0 = Release|Any CPU
		{B7367F8B-EC9F-4A28-92C9-2F99DC1AF6CB}.Debug|Any CPU.ActiveCfg = Debug|Any CPU
		{B7367F8B-EC9F-4A28-92C9-2F99DC1AF6CB}.Debug|Any CPU.Build.0 = Debug|Any CPU
		{B7367F8B-EC9F-4A28-92C9-2F99DC1AF6CB}.Debug|x64.ActiveCfg = Debug|Any CPU
		{B7367F8B-EC9F-4A28-92C9-2F99DC1AF6CB}.Debug|x64.Build.0 = Debug|Any CPU
		{B7367F8B-EC9F-4A28-92C9-2F99DC1AF6CB}.Debug|x86.ActiveCfg = Debug|Any CPU
		{B7367F8B-EC9F-4A28-92C9-2F99DC1AF6CB}.Debug|x86.Build.0 = Debug|Any CPU
		{B7367F8B-EC9F-4A28-92C9-2F99DC1AF6CB}.Release|Any CPU.ActiveCfg = Release|Any CPU
		{B7367F8B-EC9F-4A28-92C9-2F99DC1AF6CB}.Release|Any CPU.Build.0 = Release|Any CPU
		{B7367F8B-EC9F-4A28-92C9-2F99DC1AF6CB}.Release|x64.ActiveCfg = Release|Any CPU
		{B7367F8B-EC9F-4A28-92C9-2F99DC1AF6CB}.Release|x64.Build.0 = Release|Any CPU
		{B7367F8B-EC9F-4A28-92C9-2F99DC1AF6CB}.Release|x86.ActiveCfg = Release|Any CPU
		{B7367F8B-EC9F-4A28-92C9-2F99DC1AF6CB}.Release|x86.Build.0 = Release|Any CPU
		{830768E8-CF9A-4F15-A6C3-4EF6079EF03A}.Debug|Any CPU.ActiveCfg = Debug|Any CPU
		{830768E8-CF9A-4F15-A6C3-4EF6079EF03A}.Debug|Any CPU.Build.0 = Debug|Any CPU
		{830768E8-CF9A-4F15-A6C3-4EF6079EF03A}.Debug|x64.ActiveCfg = Debug|Any CPU
		{830768E8-CF9A-4F15-A6C3-4EF6079EF03A}.Debug|x64.Build.0 = Debug|Any CPU
		{830768E8-CF9A-4F15-A6C3-4EF6079EF03A}.Debug|x86.ActiveCfg = Debug|Any CPU
		{830768E8-CF9A-4F15-A6C3-4EF6079EF03A}.Debug|x86.Build.0 = Debug|Any CPU
		{830768E8-CF9A-4F15-A6C3-4EF6079EF03A}.Release|Any CPU.ActiveCfg = Release|Any CPU
		{830768E8-CF9A-4F15-A6C3-4EF6079EF03A}.Release|Any CPU.Build.0 = Release|Any CPU
		{830768E8-CF9A-4F15-A6C3-4EF6079EF03A}.Release|x64.ActiveCfg = Release|Any CPU
		{830768E8-CF9A-4F15-A6C3-4EF6079EF03A}.Release|x64.Build.0 = Release|Any CPU
		{830768E8-CF9A-4F15-A6C3-4EF6079EF03A}.Release|x86.ActiveCfg = Release|Any CPU
		{830768E8-CF9A-4F15-A6C3-4EF6079EF03A}.Release|x86.Build.0 = Release|Any CPU
		{BBA3B7DD-AA5F-4A2B-A57F-9713A59DA3AF}.Debug|Any CPU.ActiveCfg = Debug|Any CPU
		{BBA3B7DD-AA5F-4A2B-A57F-9713A59DA3AF}.Debug|Any CPU.Build.0 = Debug|Any CPU
		{BBA3B7DD-AA5F-4A2B-A57F-9713A59DA3AF}.Debug|x64.ActiveCfg = Debug|Any CPU
		{BBA3B7DD-AA5F-4A2B-A57F-9713A59DA3AF}.Debug|x64.Build.0 = Debug|Any CPU
		{BBA3B7DD-AA5F-4A2B-A57F-9713A59DA3AF}.Debug|x86.ActiveCfg = Debug|Any CPU
		{BBA3B7DD-AA5F-4A2B-A57F-9713A59DA3AF}.Debug|x86.Build.0 = Debug|Any CPU
		{BBA3B7DD-AA5F-4A2B-A57F-9713A59DA3AF}.Release|Any CPU.ActiveCfg = Release|Any CPU
		{BBA3B7DD-AA5F-4A2B-A57F-9713A59DA3AF}.Release|Any CPU.Build.0 = Release|Any CPU
		{BBA3B7DD-AA5F-4A2B-A57F-9713A59DA3AF}.Release|x64.ActiveCfg = Release|Any CPU
		{BBA3B7DD-AA5F-4A2B-A57F-9713A59DA3AF}.Release|x64.Build.0 = Release|Any CPU
		{BBA3B7DD-AA5F-4A2B-A57F-9713A59DA3AF}.Release|x86.ActiveCfg = Release|Any CPU
		{BBA3B7DD-AA5F-4A2B-A57F-9713A59DA3AF}.Release|x86.Build.0 = Release|Any CPU
		{E1EC1518-86E5-408A-A4CD-6ABB92AF3673}.Debug|Any CPU.ActiveCfg = Debug|Any CPU
		{E1EC1518-86E5-408A-A4CD-6ABB92AF3673}.Debug|Any CPU.Build.0 = Debug|Any CPU
		{E1EC1518-86E5-408A-A4CD-6ABB92AF3673}.Debug|x64.ActiveCfg = Debug|Any CPU
		{E1EC1518-86E5-408A-A4CD-6ABB92AF3673}.Debug|x64.Build.0 = Debug|Any CPU
		{E1EC1518-86E5-408A-A4CD-6ABB92AF3673}.Debug|x86.ActiveCfg = Debug|Any CPU
		{E1EC1518-86E5-408A-A4CD-6ABB92AF3673}.Debug|x86.Build.0 = Debug|Any CPU
		{E1EC1518-86E5-408A-A4CD-6ABB92AF3673}.Release|Any CPU.ActiveCfg = Release|Any CPU
		{E1EC1518-86E5-408A-A4CD-6ABB92AF3673}.Release|Any CPU.Build.0 = Release|Any CPU
		{E1EC1518-86E5-408A-A4CD-6ABB92AF3673}.Release|x64.ActiveCfg = Release|Any CPU
		{E1EC1518-86E5-408A-A4CD-6ABB92AF3673}.Release|x64.Build.0 = Release|Any CPU
		{E1EC1518-86E5-408A-A4CD-6ABB92AF3673}.Release|x86.ActiveCfg = Release|Any CPU
		{E1EC1518-86E5-408A-A4CD-6ABB92AF3673}.Release|x86.Build.0 = Release|Any CPU
	EndGlobalSection
	GlobalSection(SolutionProperties) = preSolution
		HideSolutionNode = FALSE
	EndGlobalSection
	GlobalSection(NestedProjects) = preSolution
		{1AA84349-DD9B-4A0E-AD26-F2E6D29EBED1} = {827E0CD3-B72D-47B6-A68D-7590B98EB39B}
		{885BAD7D-5D63-438C-B763-2C43D9602524} = {827E0CD3-B72D-47B6-A68D-7590B98EB39B}
		{68A68004-D954-4BF1-82ED-7E4BC8DA7CD3} = {827E0CD3-B72D-47B6-A68D-7590B98EB39B}
		{B7367F8B-EC9F-4A28-92C9-2F99DC1AF6CB} = {827E0CD3-B72D-47B6-A68D-7590B98EB39B}
		{830768E8-CF9A-4F15-A6C3-4EF6079EF03A} = {827E0CD3-B72D-47B6-A68D-7590B98EB39B}
		{BBA3B7DD-AA5F-4A2B-A57F-9713A59DA3AF} = {827E0CD3-B72D-47B6-A68D-7590B98EB39B}
		{E1EC1518-86E5-408A-A4CD-6ABB92AF3673} = {0AB3BF05-4346-4AA6-1389-037BE0695223}
	EndGlobalSection
EndGlobal
